// !$*UTF8*$!
{
	archiveVersion = 1;
	classes = {
	};
	objectVersion = 56;
	objects = {

/* Begin PBXBuildFile section */
		BA98D1D429E7FD66005698E5 /* MidasFrontEndTestApp.swift in Sources */ = {isa = PBXBuildFile; fileRef = BA98D1D329E7FD66005698E5 /* MidasFrontEndTestApp.swift */; };
		BA98D1D629E7FD66005698E5 /* ContentView.swift in Sources */ = {isa = PBXBuildFile; fileRef = BA98D1D529E7FD66005698E5 /* ContentView.swift */; };
		BA98D1D829E7FD68005698E5 /* Assets.xcassets in Resources */ = {isa = PBXBuildFile; fileRef = BA98D1D729E7FD68005698E5 /* Assets.xcassets */; };
		BA98D1DB29E7FD68005698E5 /* Preview Assets.xcassets in Resources */ = {isa = PBXBuildFile; fileRef = BA98D1DA29E7FD68005698E5 /* Preview Assets.xcassets */; };
		BA98D1E529E80061005698E5 /* SplashScreen.swift in Sources */ = {isa = PBXBuildFile; fileRef = BA98D1E429E80061005698E5 /* SplashScreen.swift */; };
		BA98D1E729E800DD005698E5 /* Home.swift in Sources */ = {isa = PBXBuildFile; fileRef = BA98D1E629E800DD005698E5 /* Home.swift */; };
		BA98D1E929E80351005698E5 /* Login.swift in Sources */ = {isa = PBXBuildFile; fileRef = BA98D1E829E80351005698E5 /* Login.swift */; };
		BA98D1EC29E8084F005698E5 /* InputTextField.swift in Sources */ = {isa = PBXBuildFile; fileRef = BA98D1EB29E8084F005698E5 /* InputTextField.swift */; };
		BA98D1EE29E80978005698E5 /* SecureTextField.swift in Sources */ = {isa = PBXBuildFile; fileRef = BA98D1ED29E80978005698E5 /* SecureTextField.swift */; };
		BA98D1F029E80ADC005698E5 /* Register.swift in Sources */ = {isa = PBXBuildFile; fileRef = BA98D1EF29E80ADC005698E5 /* Register.swift */; };
		BA98D1F429E84BD3005698E5 /* RadioButtonField.swift in Sources */ = {isa = PBXBuildFile; fileRef = BA98D1F329E84BD3005698E5 /* RadioButtonField.swift */; };
		BA98D1F629E84C05005698E5 /* RadioButtonGroups.swift in Sources */ = {isa = PBXBuildFile; fileRef = BA98D1F529E84C05005698E5 /* RadioButtonGroups.swift */; };
		BA98D1FA29E84DF9005698E5 /* UserModel.xcdatamodeld in Sources */ = {isa = PBXBuildFile; fileRef = BA98D1F829E84DF9005698E5 /* UserModel.xcdatamodeld */; };
		BA98D1FC29E84E9D005698E5 /* DataController.swift in Sources */ = {isa = PBXBuildFile; fileRef = BA98D1FB29E84E9D005698E5 /* DataController.swift */; };
		BA98D20229E86A00005698E5 /* UserModel.swift in Sources */ = {isa = PBXBuildFile; fileRef = BA98D20129E86A00005698E5 /* UserModel.swift */; };
		BA98D20429E88568005698E5 /* AuthUser.swift in Sources */ = {isa = PBXBuildFile; fileRef = BA98D20329E88568005698E5 /* AuthUser.swift */; };
		BA98D20629E88CAD005698E5 /* UserView.swift in Sources */ = {isa = PBXBuildFile; fileRef = BA98D20529E88CAD005698E5 /* UserView.swift */; };
		BA98D20829E88CBA005698E5 /* AdminView.swift in Sources */ = {isa = PBXBuildFile; fileRef = BA98D20729E88CBA005698E5 /* AdminView.swift */; };
		BA98D20A29E895B0005698E5 /* UserViewModel.swift in Sources */ = {isa = PBXBuildFile; fileRef = BA98D20929E895B0005698E5 /* UserViewModel.swift */; };
		BA98D20D29E895FB005698E5 /* SDWebImageSwiftUI in Frameworks */ = {isa = PBXBuildFile; productRef = BA98D20C29E895FB005698E5 /* SDWebImageSwiftUI */; };
		BA98D21029E89627005698E5 /* SwiftyJSON in Frameworks */ = {isa = PBXBuildFile; productRef = BA98D20F29E89627005698E5 /* SwiftyJSON */; };
		BA98D21229E89A4D005698E5 /* PhotosModel.swift in Sources */ = {isa = PBXBuildFile; fileRef = BA98D21129E89A4D005698E5 /* PhotosModel.swift */; };
		BA98D21429E89A76005698E5 /* PhotoViewModel.swift in Sources */ = {isa = PBXBuildFile; fileRef = BA98D21329E89A76005698E5 /* PhotoViewModel.swift */; };
/* End PBXBuildFile section */

/* Begin PBXFileReference section */
		BA98D1D029E7FD66005698E5 /* MidasFrontEndTest.app */ = {isa = PBXFileReference; explicitFileType = wrapper.application; includeInIndex = 0; path = MidasFrontEndTest.app; sourceTree = BUILT_PRODUCTS_DIR; };
		BA98D1D329E7FD66005698E5 /* MidasFrontEndTestApp.swift */ = {isa = PBXFileReference; lastKnownFileType = sourcecode.swift; path = MidasFrontEndTestApp.swift; sourceTree = "<group>"; };
		BA98D1D529E7FD66005698E5 /* ContentView.swift */ = {isa = PBXFileReference; lastKnownFileType = sourcecode.swift; path = ContentView.swift; sourceTree = "<group>"; };
		BA98D1D729E7FD68005698E5 /* Assets.xcassets */ = {isa = PBXFileReference; lastKnownFileType = folder.assetcatalog; path = Assets.xcassets; sourceTree = "<group>"; };
		BA98D1DA29E7FD68005698E5 /* Preview Assets.xcassets */ = {isa = PBXFileReference; lastKnownFileType = folder.assetcatalog; path = "Preview Assets.xcassets"; sourceTree = "<group>"; };
		BA98D1E429E80061005698E5 /* SplashScreen.swift */ = {isa = PBXFileReference; lastKnownFileType = sourcecode.swift; path = SplashScreen.swift; sourceTree = "<group>"; };
		BA98D1E629E800DD005698E5 /* Home.swift */ = {isa = PBXFileReference; lastKnownFileType = sourcecode.swift; path = Home.swift; sourceTree = "<group>"; };
		BA98D1E829E80351005698E5 /* Login.swift */ = {isa = PBXFileReference; lastKnownFileType = sourcecode.swift; path = Login.swift; sourceTree = "<group>"; };
		BA98D1EB29E8084F005698E5 /* InputTextField.swift */ = {isa = PBXFileReference; lastKnownFileType = sourcecode.swift; path = InputTextField.swift; sourceTree = "<group>"; };
		BA98D1ED29E80978005698E5 /* SecureTextField.swift */ = {isa = PBXFileReference; lastKnownFileType = sourcecode.swift; path = SecureTextField.swift; sourceTree = "<group>"; };
		BA98D1EF29E80ADC005698E5 /* Register.swift */ = {isa = PBXFileReference; lastKnownFileType = sourcecode.swift; path = Register.swift; sourceTree = "<group>"; };
		BA98D1F329E84BD3005698E5 /* RadioButtonField.swift */ = {isa = PBXFileReference; lastKnownFileType = sourcecode.swift; name = RadioButtonField.swift; path = ../../../../../../Downloads/RadioButtonField.swift; sourceTree = "<group>"; };
		BA98D1F529E84C05005698E5 /* RadioButtonGroups.swift */ = {isa = PBXFileReference; lastKnownFileType = sourcecode.swift; path = RadioButtonGroups.swift; sourceTree = "<group>"; };
		BA98D1F929E84DF9005698E5 /* Model.xcdatamodel */ = {isa = PBXFileReference; lastKnownFileType = wrapper.xcdatamodel; path = Model.xcdatamodel; sourceTree = "<group>"; };
		BA98D1FB29E84E9D005698E5 /* DataController.swift */ = {isa = PBXFileReference; lastKnownFileType = sourcecode.swift; path = DataController.swift; sourceTree = "<group>"; };
		BA98D20129E86A00005698E5 /* UserModel.swift */ = {isa = PBXFileReference; lastKnownFileType = sourcecode.swift; path = UserModel.swift; sourceTree = "<group>"; };
		BA98D20329E88568005698E5 /* AuthUser.swift */ = {isa = PBXFileReference; lastKnownFileType = sourcecode.swift; path = AuthUser.swift; sourceTree = "<group>"; };
		BA98D20529E88CAD005698E5 /* UserView.swift */ = {isa = PBXFileReference; lastKnownFileType = sourcecode.swift; path = UserView.swift; sourceTree = "<group>"; };
		BA98D20729E88CBA005698E5 /* AdminView.swift */ = {isa = PBXFileReference; lastKnownFileType = sourcecode.swift; path = AdminView.swift; sourceTree = "<group>"; };
		BA98D20929E895B0005698E5 /* UserViewModel.swift */ = {isa = PBXFileReference; lastKnownFileType = sourcecode.swift; path = UserViewModel.swift; sourceTree = "<group>"; };
		BA98D21129E89A4D005698E5 /* PhotosModel.swift */ = {isa = PBXFileReference; lastKnownFileType = sourcecode.swift; path = PhotosModel.swift; sourceTree = "<group>"; };
		BA98D21329E89A76005698E5 /* PhotoViewModel.swift */ = {isa = PBXFileReference; lastKnownFileType = sourcecode.swift; path = PhotoViewModel.swift; sourceTree = "<group>"; };
/* End PBXFileReference section */

/* Begin PBXFrameworksBuildPhase section */
		BA98D1CD29E7FD66005698E5 /* Frameworks */ = {
			isa = PBXFrameworksBuildPhase;
			buildActionMask = 2147483647;
			files = (
				BA98D21029E89627005698E5 /* SwiftyJSON in Frameworks */,
				BA98D20D29E895FB005698E5 /* SDWebImageSwiftUI in Frameworks */,
			);
			runOnlyForDeploymentPostprocessing = 0;
		};
/* End PBXFrameworksBuildPhase section */

/* Begin PBXGroup section */
		BA98D1C729E7FD66005698E5 = {
			isa = PBXGroup;
			children = (
				BA98D1D229E7FD66005698E5 /* MidasFrontEndTest */,
				BA98D1D129E7FD66005698E5 /* Products */,
			);
			sourceTree = "<group>";
		};
		BA98D1D129E7FD66005698E5 /* Products */ = {
			isa = PBXGroup;
			children = (
				BA98D1D029E7FD66005698E5 /* MidasFrontEndTest.app */,
			);
			name = Products;
			sourceTree = "<group>";
		};
		BA98D1D229E7FD66005698E5 /* MidasFrontEndTest */ = {
			isa = PBXGroup;
			children = (
				BA98D20029E869DC005698E5 /* Model */,
				BA98D1E329E8003E005698E5 /* Views */,
				BA98D1FD29E86837005698E5 /* ViewModel */,
				BA98D1F729E84DC9005698E5 /* DataModel */,
				BA98D1EA29E80830005698E5 /* Utils */,
				BA98D1D329E7FD66005698E5 /* MidasFrontEndTestApp.swift */,
				BA98D1D729E7FD68005698E5 /* Assets.xcassets */,
				BA98D1D929E7FD68005698E5 /* Preview Content */,
			);
			path = MidasFrontEndTest;
			sourceTree = "<group>";
		};
		BA98D1D929E7FD68005698E5 /* Preview Content */ = {
			isa = PBXGroup;
			children = (
				BA98D1DA29E7FD68005698E5 /* Preview Assets.xcassets */,
			);
			path = "Preview Content";
			sourceTree = "<group>";
		};
		BA98D1E329E8003E005698E5 /* Views */ = {
			isa = PBXGroup;
			children = (
				BA98D1D529E7FD66005698E5 /* ContentView.swift */,
				BA98D1E429E80061005698E5 /* SplashScreen.swift */,
				BA98D1E629E800DD005698E5 /* Home.swift */,
				BA98D1E829E80351005698E5 /* Login.swift */,
				BA98D1EF29E80ADC005698E5 /* Register.swift */,
				BA98D20529E88CAD005698E5 /* UserView.swift */,
				BA98D20729E88CBA005698E5 /* AdminView.swift */,
			);
			path = Views;
			sourceTree = "<group>";
		};
		BA98D1EA29E80830005698E5 /* Utils */ = {
			isa = PBXGroup;
			children = (
				BA98D1EB29E8084F005698E5 /* InputTextField.swift */,
				BA98D1ED29E80978005698E5 /* SecureTextField.swift */,
				BA98D1F329E84BD3005698E5 /* RadioButtonField.swift */,
				BA98D1F529E84C05005698E5 /* RadioButtonGroups.swift */,
			);
			path = Utils;
			sourceTree = "<group>";
		};
		BA98D1F729E84DC9005698E5 /* DataModel */ = {
			isa = PBXGroup;
			children = (
				BA98D1FB29E84E9D005698E5 /* DataController.swift */,
				BA98D1F829E84DF9005698E5 /* UserModel.xcdatamodeld */,
			);
			path = DataModel;
			sourceTree = "<group>";
		};
		BA98D1FD29E86837005698E5 /* ViewModel */ = {
			isa = PBXGroup;
			children = (
				BA98D20329E88568005698E5 /* AuthUser.swift */,
				BA98D20929E895B0005698E5 /* UserViewModel.swift */,
				BA98D21329E89A76005698E5 /* PhotoViewModel.swift */,
			);
			path = ViewModel;
			sourceTree = "<group>";
		};
		BA98D20029E869DC005698E5 /* Model */ = {
			isa = PBXGroup;
			children = (
				BA98D20129E86A00005698E5 /* UserModel.swift */,
				BA98D21129E89A4D005698E5 /* PhotosModel.swift */,
			);
			path = Model;
			sourceTree = "<group>";
		};
/* End PBXGroup section */

/* Begin PBXNativeTarget section */
		BA98D1CF29E7FD66005698E5 /* MidasFrontEndTest */ = {
			isa = PBXNativeTarget;
			buildConfigurationList = BA98D1DE29E7FD68005698E5 /* Build configuration list for PBXNativeTarget "MidasFrontEndTest" */;
			buildPhases = (
				BA98D1CC29E7FD66005698E5 /* Sources */,
				BA98D1CD29E7FD66005698E5 /* Frameworks */,
				BA98D1CE29E7FD66005698E5 /* Resources */,
			);
			buildRules = (
			);
			dependencies = (
			);
			name = MidasFrontEndTest;
			packageProductDependencies = (
				BA98D20C29E895FB005698E5 /* SDWebImageSwiftUI */,
				BA98D20F29E89627005698E5 /* SwiftyJSON */,
			);
			productName = MidasFrontEndTest;
			productReference = BA98D1D029E7FD66005698E5 /* MidasFrontEndTest.app */;
			productType = "com.apple.product-type.application";
		};
/* End PBXNativeTarget section */

/* Begin PBXProject section */
		BA98D1C829E7FD66005698E5 /* Project object */ = {
			isa = PBXProject;
			attributes = {
				BuildIndependentTargetsInParallel = 1;
				LastSwiftUpdateCheck = 1420;
				LastUpgradeCheck = 1420;
				TargetAttributes = {
					BA98D1CF29E7FD66005698E5 = {
						CreatedOnToolsVersion = 14.2;
					};
				};
			};
			buildConfigurationList = BA98D1CB29E7FD66005698E5 /* Build configuration list for PBXProject "MidasFrontEndTest" */;
			compatibilityVersion = "Xcode 14.0";
			developmentRegion = en;
			hasScannedForEncodings = 0;
			knownRegions = (
				en,
				Base,
			);
			mainGroup = BA98D1C729E7FD66005698E5;
			packageReferences = (
				BA98D20B29E895FA005698E5 /* XCRemoteSwiftPackageReference "SDWebImageSwiftUI" */,
				BA98D20E29E89627005698E5 /* XCRemoteSwiftPackageReference "SwiftyJSON" */,
			);
			productRefGroup = BA98D1D129E7FD66005698E5 /* Products */;
			projectDirPath = "";
			projectRoot = "";
			targets = (
				BA98D1CF29E7FD66005698E5 /* MidasFrontEndTest */,
			);
		};
/* End PBXProject section */

/* Begin PBXResourcesBuildPhase section */
		BA98D1CE29E7FD66005698E5 /* Resources */ = {
			isa = PBXResourcesBuildPhase;
			buildActionMask = 2147483647;
			files = (
				BA98D1DB29E7FD68005698E5 /* Preview Assets.xcassets in Resources */,
				BA98D1D829E7FD68005698E5 /* Assets.xcassets in Resources */,
			);
			runOnlyForDeploymentPostprocessing = 0;
		};
/* End PBXResourcesBuildPhase section */

/* Begin PBXSourcesBuildPhase section */
		BA98D1CC29E7FD66005698E5 /* Sources */ = {
			isa = PBXSourcesBuildPhase;
			buildActionMask = 2147483647;
			files = (
				BA98D1E529E80061005698E5 /* SplashScreen.swift in Sources */,
				BA98D1FC29E84E9D005698E5 /* DataController.swift in Sources */,
				BA98D21229E89A4D005698E5 /* PhotosModel.swift in Sources */,
				BA98D1E929E80351005698E5 /* Login.swift in Sources */,
				BA98D1D629E7FD66005698E5 /* ContentView.swift in Sources */,
				BA98D1F629E84C05005698E5 /* RadioButtonGroups.swift in Sources */,
				BA98D1E729E800DD005698E5 /* Home.swift in Sources */,
				BA98D1EE29E80978005698E5 /* SecureTextField.swift in Sources */,
				BA98D20629E88CAD005698E5 /* UserView.swift in Sources */,
				BA98D20229E86A00005698E5 /* UserModel.swift in Sources */,
				BA98D1EC29E8084F005698E5 /* InputTextField.swift in Sources */,
				BA98D1F429E84BD3005698E5 /* RadioButtonField.swift in Sources */,
				BA98D20429E88568005698E5 /* AuthUser.swift in Sources */,
				BA98D1F029E80ADC005698E5 /* Register.swift in Sources */,
				BA98D1FA29E84DF9005698E5 /* UserModel.xcdatamodeld in Sources */,
				BA98D21429E89A76005698E5 /* PhotoViewModel.swift in Sources */,
				BA98D20A29E895B0005698E5 /* UserViewModel.swift in Sources */,
				BA98D20829E88CBA005698E5 /* AdminView.swift in Sources */,
				BA98D1D429E7FD66005698E5 /* MidasFrontEndTestApp.swift in Sources */,
			);
			runOnlyForDeploymentPostprocessing = 0;
		};
/* End PBXSourcesBuildPhase section */

/* Begin XCBuildConfiguration section */
		BA98D1DC29E7FD68005698E5 /* Debug */ = {
			isa = XCBuildConfiguration;
			buildSettings = {
				ALWAYS_SEARCH_USER_PATHS = NO;
				CLANG_ANALYZER_NONNULL = YES;
				CLANG_ANALYZER_NUMBER_OBJECT_CONVERSION = YES_AGGRESSIVE;
				CLANG_CXX_LANGUAGE_STANDARD = "gnu++20";
				CLANG_ENABLE_MODULES = YES;
				CLANG_ENABLE_OBJC_ARC = YES;
				CLANG_ENABLE_OBJC_WEAK = YES;
				CLANG_WARN_BLOCK_CAPTURE_AUTORELEASING = YES;
				CLANG_WARN_BOOL_CONVERSION = YES;
				CLANG_WARN_COMMA = YES;
				CLANG_WARN_CONSTANT_CONVERSION = YES;
				CLANG_WARN_DEPRECATED_OBJC_IMPLEMENTATIONS = YES;
				CLANG_WARN_DIRECT_OBJC_ISA_USAGE = YES_ERROR;
				CLANG_WARN_DOCUMENTATION_COMMENTS = YES;
				CLANG_WARN_EMPTY_BODY = YES;
				CLANG_WARN_ENUM_CONVERSION = YES;
				CLANG_WARN_INFINITE_RECURSION = YES;
				CLANG_WARN_INT_CONVERSION = YES;
				CLANG_WARN_NON_LITERAL_NULL_CONVERSION = YES;
				CLANG_WARN_OBJC_IMPLICIT_RETAIN_SELF = YES;
				CLANG_WARN_OBJC_LITERAL_CONVERSION = YES;
				CLANG_WARN_OBJC_ROOT_CLASS = YES_ERROR;
				CLANG_WARN_QUOTED_INCLUDE_IN_FRAMEWORK_HEADER = YES;
				CLANG_WARN_RANGE_LOOP_ANALYSIS = YES;
				CLANG_WARN_STRICT_PROTOTYPES = YES;
				CLANG_WARN_SUSPICIOUS_MOVE = YES;
				CLANG_WARN_UNGUARDED_AVAILABILITY = YES_AGGRESSIVE;
				CLANG_WARN_UNREACHABLE_CODE = YES;
				CLANG_WARN__DUPLICATE_METHOD_MATCH = YES;
				COPY_PHASE_STRIP = NO;
				DEBUG_INFORMATION_FORMAT = dwarf;
				ENABLE_STRICT_OBJC_MSGSEND = YES;
				ENABLE_TESTABILITY = YES;
				GCC_C_LANGUAGE_STANDARD = gnu11;
				GCC_DYNAMIC_NO_PIC = NO;
				GCC_NO_COMMON_BLOCKS = YES;
				GCC_OPTIMIZATION_LEVEL = 0;
				GCC_PREPROCESSOR_DEFINITIONS = (
					"DEBUG=1",
					"$(inherited)",
				);
				GCC_WARN_64_TO_32_BIT_CONVERSION = YES;
				GCC_WARN_ABOUT_RETURN_TYPE = YES_ERROR;
				GCC_WARN_UNDECLARED_SELECTOR = YES;
				GCC_WARN_UNINITIALIZED_AUTOS = YES_AGGRESSIVE;
				GCC_WARN_UNUSED_FUNCTION = YES;
				GCC_WARN_UNUSED_VARIABLE = YES;
				IPHONEOS_DEPLOYMENT_TARGET = 16.2;
				MTL_ENABLE_DEBUG_INFO = INCLUDE_SOURCE;
				MTL_FAST_MATH = YES;
				ONLY_ACTIVE_ARCH = YES;
				SDKROOT = iphoneos;
				SWIFT_ACTIVE_COMPILATION_CONDITIONS = DEBUG;
				SWIFT_OPTIMIZATION_LEVEL = "-Onone";
			};
			name = Debug;
		};
		BA98D1DD29E7FD68005698E5 /* Release */ = {
			isa = XCBuildConfiguration;
			buildSettings = {
				ALWAYS_SEARCH_USER_PATHS = NO;
				CLANG_ANALYZER_NONNULL = YES;
				CLANG_ANALYZER_NUMBER_OBJECT_CONVERSION = YES_AGGRESSIVE;
				CLANG_CXX_LANGUAGE_STANDARD = "gnu++20";
				CLANG_ENABLE_MODULES = YES;
				CLANG_ENABLE_OBJC_ARC = YES;
				CLANG_ENABLE_OBJC_WEAK = YES;
				CLANG_WARN_BLOCK_CAPTURE_AUTORELEASING = YES;
				CLANG_WARN_BOOL_CONVERSION = YES;
				CLANG_WARN_COMMA = YES;
				CLANG_WARN_CONSTANT_CONVERSION = YES;
				CLANG_WARN_DEPRECATED_OBJC_IMPLEMENTATIONS = YES;
				CLANG_WARN_DIRECT_OBJC_ISA_USAGE = YES_ERROR;
				CLANG_WARN_DOCUMENTATION_COMMENTS = YES;
				CLANG_WARN_EMPTY_BODY = YES;
				CLANG_WARN_ENUM_CONVERSION = YES;
				CLANG_WARN_INFINITE_RECURSION = YES;
				CLANG_WARN_INT_CONVERSION = YES;
				CLANG_WARN_NON_LITERAL_NULL_CONVERSION = YES;
				CLANG_WARN_OBJC_IMPLICIT_RETAIN_SELF = YES;
				CLANG_WARN_OBJC_LITERAL_CONVERSION = YES;
				CLANG_WARN_OBJC_ROOT_CLASS = YES_ERROR;
				CLANG_WARN_QUOTED_INCLUDE_IN_FRAMEWORK_HEADER = YES;
				CLANG_WARN_RANGE_LOOP_ANALYSIS = YES;
				CLANG_WARN_STRICT_PROTOTYPES = YES;
				CLANG_WARN_SUSPICIOUS_MOVE = YES;
				CLANG_WARN_UNGUARDED_AVAILABILITY = YES_AGGRESSIVE;
				CLANG_WARN_UNREACHABLE_CODE = YES;
				CLANG_WARN__DUPLICATE_METHOD_MATCH = YES;
				COPY_PHASE_STRIP = NO;
				DEBUG_INFORMATION_FORMAT = "dwarf-with-dsym";
				ENABLE_NS_ASSERTIONS = NO;
				ENABLE_STRICT_OBJC_MSGSEND = YES;
				GCC_C_LANGUAGE_STANDARD = gnu11;
				GCC_NO_COMMON_BLOCKS = YES;
				GCC_WARN_64_TO_32_BIT_CONVERSION = YES;
				GCC_WARN_ABOUT_RETURN_TYPE = YES_ERROR;
				GCC_WARN_UNDECLARED_SELECTOR = YES;
				GCC_WARN_UNINITIALIZED_AUTOS = YES_AGGRESSIVE;
				GCC_WARN_UNUSED_FUNCTION = YES;
				GCC_WARN_UNUSED_VARIABLE = YES;
				IPHONEOS_DEPLOYMENT_TARGET = 16.2;
				MTL_ENABLE_DEBUG_INFO = NO;
				MTL_FAST_MATH = YES;
				SDKROOT = iphoneos;
				SWIFT_COMPILATION_MODE = wholemodule;
				SWIFT_OPTIMIZATION_LEVEL = "-O";
				VALIDATE_PRODUCT = YES;
			};
			name = Release;
		};
		BA98D1DF29E7FD68005698E5 /* Debug */ = {
			isa = XCBuildConfiguration;
			buildSettings = {
				ASSETCATALOG_COMPILER_APPICON_NAME = AppIcon;
				ASSETCATALOG_COMPILER_GLOBAL_ACCENT_COLOR_NAME = AccentColor;
				CODE_SIGN_STYLE = Automatic;
				CURRENT_PROJECT_VERSION = 1;
				DEVELOPMENT_ASSET_PATHS = "\"MidasFrontEndTest/Preview Content\"";
				DEVELOPMENT_TEAM = UQ2B628W38;
				ENABLE_PREVIEWS = YES;
				GENERATE_INFOPLIST_FILE = YES;
				INFOPLIST_KEY_UIApplicationSceneManifest_Generation = YES;
				INFOPLIST_KEY_UIApplicationSupportsIndirectInputEvents = YES;
				INFOPLIST_KEY_UILaunchScreen_Generation = YES;
				INFOPLIST_KEY_UISupportedInterfaceOrientations_iPad = "UIInterfaceOrientationPortrait UIInterfaceOrientationPortraitUpsideDown UIInterfaceOrientationLandscapeLeft UIInterfaceOrientationLandscapeRight";
				INFOPLIST_KEY_UISupportedInterfaceOrientations_iPhone = "UIInterfaceOrientationPortrait UIInterfaceOrientationLandscapeLeft UIInterfaceOrientationLandscapeRight";
				LD_RUNPATH_SEARCH_PATHS = (
					"$(inherited)",
					"@executable_path/Frameworks",
				);
				MARKETING_VERSION = 1.0;
				PRODUCT_BUNDLE_IDENTIFIER = com.ladoswift.MidasFrontEndTest;
				PRODUCT_NAME = "$(TARGET_NAME)";
				SWIFT_EMIT_LOC_STRINGS = YES;
				SWIFT_VERSION = 5.0;
				TARGETED_DEVICE_FAMILY = "1,2";
			};
			name = Debug;
		};
		BA98D1E029E7FD68005698E5 /* Release */ = {
			isa = XCBuildConfiguration;
			buildSettings = {
				ASSETCATALOG_COMPILER_APPICON_NAME = AppIcon;
				ASSETCATALOG_COMPILER_GLOBAL_ACCENT_COLOR_NAME = AccentColor;
				CODE_SIGN_STYLE = Automatic;
				CURRENT_PROJECT_VERSION = 1;
				DEVELOPMENT_ASSET_PATHS = "\"MidasFrontEndTest/Preview Content\"";
				DEVELOPMENT_TEAM = UQ2B628W38;
				ENABLE_PREVIEWS = YES;
				GENERATE_INFOPLIST_FILE = YES;
				INFOPLIST_KEY_UIApplicationSceneManifest_Generation = YES;
				INFOPLIST_KEY_UIApplicationSupportsIndirectInputEvents = YES;
				INFOPLIST_KEY_UILaunchScreen_Generation = YES;
				INFOPLIST_KEY_UISupportedInterfaceOrientations_iPad = "UIInterfaceOrientationPortrait UIInterfaceOrientationPortraitUpsideDown UIInterfaceOrientationLandscapeLeft UIInterfaceOrientationLandscapeRight";
				INFOPLIST_KEY_UISupportedInterfaceOrientations_iPhone = "UIInterfaceOrientationPortrait UIInterfaceOrientationLandscapeLeft UIInterfaceOrientationLandscapeRight";
				LD_RUNPATH_SEARCH_PATHS = (
					"$(inherited)",
					"@executable_path/Frameworks",
				);
				MARKETING_VERSION = 1.0;
				PRODUCT_BUNDLE_IDENTIFIER = com.ladoswift.MidasFrontEndTest;
				PRODUCT_NAME = "$(TARGET_NAME)";
				SWIFT_EMIT_LOC_STRINGS = YES;
				SWIFT_VERSION = 5.0;
				TARGETED_DEVICE_FAMILY = "1,2";
			};
			name = Release;
		};
/* End XCBuildConfiguration section */

/* Begin XCConfigurationList section */
		BA98D1CB29E7FD66005698E5 /* Build configuration list for PBXProject "MidasFrontEndTest" */ = {
			isa = XCConfigurationList;
			buildConfigurations = (
				BA98D1DC29E7FD68005698E5 /* Debug */,
				BA98D1DD29E7FD68005698E5 /* Release */,
			);
			defaultConfigurationIsVisible = 0;
			defaultConfigurationName = Release;
		};
		BA98D1DE29E7FD68005698E5 /* Build configuration list for PBXNativeTarget "MidasFrontEndTest" */ = {
			isa = XCConfigurationList;
			buildConfigurations = (
				BA98D1DF29E7FD68005698E5 /* Debug */,
				BA98D1E029E7FD68005698E5 /* Release */,
			);
			defaultConfigurationIsVisible = 0;
			defaultConfigurationName = Release;
		};
/* End XCConfigurationList section */

/* Begin XCRemoteSwiftPackageReference section */
		BA98D20B29E895FA005698E5 /* XCRemoteSwiftPackageReference "SDWebImageSwiftUI" */ = {
			isa = XCRemoteSwiftPackageReference;
			repositoryURL = "https://github.com/SDWebImage/SDWebImageSwiftUI.git";
			requirement = {
				branch = master;
				kind = branch;
			};
		};
		BA98D20E29E89627005698E5 /* XCRemoteSwiftPackageReference "SwiftyJSON" */ = {
			isa = XCRemoteSwiftPackageReference;
			repositoryURL = "https://github.com/SwiftyJSON/SwiftyJSON.git";
			requirement = {
				branch = master;
				kind = branch;
			};
		};
/* End XCRemoteSwiftPackageReference section */

/* Begin XCSwiftPackageProductDependency section */
		BA98D20C29E895FB005698E5 /* SDWebImageSwiftUI */ = {
			isa = XCSwiftPackageProductDependency;
			package = BA98D20B29E895FA005698E5 /* XCRemoteSwiftPackageReference "SDWebImageSwiftUI" */;
			productName = SDWebImageSwiftUI;
		};
		BA98D20F29E89627005698E5 /* SwiftyJSON */ = {
			isa = XCSwiftPackageProductDependency;
			package = BA98D20E29E89627005698E5 /* XCRemoteSwiftPackageReference "SwiftyJSON" */;
			productName = SwiftyJSON;
		};
/* End XCSwiftPackageProductDependency section */

/* Begin XCVersionGroup section */
		BA98D1F829E84DF9005698E5 /* UserModel.xcdatamodeld */ = {
			isa = XCVersionGroup;
			children = (
				BA98D1F929E84DF9005698E5 /* Model.xcdatamodel */,
			);
			currentVersion = BA98D1F929E84DF9005698E5 /* Model.xcdatamodel */;
			path = UserModel.xcdatamodeld;
			sourceTree = "<group>";
			versionGroupType = wrapper.xcdatamodel;
		};
/* End XCVersionGroup section */
	};
	rootObject = BA98D1C829E7FD66005698E5 /* Project object */;
}
